
Microsoft Visual Studio Solution File, Format Version 12.00
# Visual Studio 15
VisualStudioVersion = 15.0.27130.2027
MinimumVisualStudioVersion = 10.0.40219.1
Project("{FAE04EC0-301F-11D3-BF4B-00C04F79EFBC}") = "JuanEstebanHelpPopup.Android", "JuanEstebanHelpPopup\JuanEstebanHelpPopup.Android\JuanEstebanHelpPopup.Android.csproj", "{E6DC9E78-BEA2-4CC8-AFF7-141B6567B999}"
EndProject
Project("{FAE04EC0-301F-11D3-BF4B-00C04F79EFBC}") = "JuanEstebanHelpPopup.iOS", "JuanEstebanHelpPopup\JuanEstebanHelpPopup.iOS\JuanEstebanHelpPopup.iOS.csproj", "{246DE1CC-C545-4324-8831-7C555288E9B9}"
EndProject
Project("{D954291E-2A0B-460D-934E-DC6B0785DB48}") = "JuanEstebanHelpPopup", "JuanEstebanHelpPopup\JuanEstebanHelpPopup\JuanEstebanHelpPopup.shproj", "{04AB76D9-472D-45D6-98B9-69C2CEB85847}"
EndProject
Project("{FAE04EC0-301F-11D3-BF4B-00C04F79EFBC}") = "Coffsy.WebClient", "Coffsy.WebClient\Coffsy.WebClient.csproj", "{562F6BD1-EAF1-4597-8446-9B4E198EBF0A}"
EndProject
Global
	GlobalSection(SharedMSBuildProjectFiles) = preSolution
		JuanEstebanHelpPopup\JuanEstebanHelpPopup\JuanEstebanHelpPopup.projitems*{04ab76d9-472d-45d6-98b9-69c2ceb85847}*SharedItemsImports = 13
		JuanEstebanHelpPopup\JuanEstebanHelpPopup\JuanEstebanHelpPopup.projitems*{246de1cc-c545-4324-8831-7c555288e9b9}*SharedItemsImports = 4
		JuanEstebanHelpPopup\JuanEstebanHelpPopup\JuanEstebanHelpPopup.projitems*{e6dc9e78-bea2-4cc8-aff7-141b6567b999}*SharedItemsImports = 4
	EndGlobalSection
	GlobalSection(SolutionConfigurationPlatforms) = preSolution
		Ad-Hoc|Any CPU = Ad-Hoc|Any CPU
		Ad-Hoc|iPhone = Ad-Hoc|iPhone
		Ad-Hoc|iPhoneSimulator = Ad-Hoc|iPhoneSimulator
		AppStore|Any CPU = AppStore|Any CPU
		AppStore|iPhone = AppStore|iPhone
		AppStore|iPhoneSimulator = AppStore|iPhoneSimulator
		Debug|Any CPU = Debug|Any CPU
		Debug|iPhone = Debug|iPhone
		Debug|iPhoneSimulator = Debug|iPhoneSimulator
		Release|Any CPU = Release|Any CPU
		Release|iPhone = Release|iPhone
		Release|iPhoneSimulator = Release|iPhoneSimulator
	EndGlobalSection
	GlobalSection(ProjectConfigurationPlatforms) = postSolution
		{E6DC9E78-BEA2-4CC8-AFF7-141B6567B999}.Ad-Hoc|Any CPU.ActiveCfg = Release|Any CPU
		{E6DC9E78-BEA2-4CC8-AFF7-141B6567B999}.Ad-Hoc|Any CPU.Build.0 = Release|Any CPU
		{E6DC9E78-BEA2-4CC8-AFF7-141B6567B999}.Ad-Hoc|Any CPU.Deploy.0 = Release|Any CPU
		{E6DC9E78-BEA2-4CC8-AFF7-141B6567B999}.Ad-Hoc|iPhone.ActiveCfg = Release|Any CPU
		{E6DC9E78-BEA2-4CC8-AFF7-141B6567B999}.Ad-Hoc|iPhone.Build.0 = Release|Any CPU
		{E6DC9E78-BEA2-4CC8-AFF7-141B6567B999}.Ad-Hoc|iPhone.Deploy.0 = Release|Any CPU
		{E6DC9E78-BEA2-4CC8-AFF7-141B6567B999}.Ad-Hoc|iPhoneSimulator.ActiveCfg = Release|Any CPU
		{E6DC9E78-BEA2-4CC8-AFF7-141B6567B999}.Ad-Hoc|iPhoneSimulator.Build.0 = Release|Any CPU
		{E6DC9E78-BEA2-4CC8-AFF7-141B6567B999}.Ad-Hoc|iPhoneSimulator.Deploy.0 = Release|Any CPU
		{E6DC9E78-BEA2-4CC8-AFF7-141B6567B999}.AppStore|Any CPU.ActiveCfg = Release|Any CPU
		{E6DC9E78-BEA2-4CC8-AFF7-141B6567B999}.AppStore|Any CPU.Build.0 = Release|Any CPU
		{E6DC9E78-BEA2-4CC8-AFF7-141B6567B999}.AppStore|Any CPU.Deploy.0 = Release|Any CPU
		{E6DC9E78-BEA2-4CC8-AFF7-141B6567B999}.AppStore|iPhone.ActiveCfg = Release|Any CPU
		{E6DC9E78-BEA2-4CC8-AFF7-141B6567B999}.AppStore|iPhone.Build.0 = Release|Any CPU
		{E6DC9E78-BEA2-4CC8-AFF7-141B6567B999}.AppStore|iPhone.Deploy.0 = Release|Any CPU
		{E6DC9E78-BEA2-4CC8-AFF7-141B6567B999}.AppStore|iPhoneSimulator.ActiveCfg = Release|Any CPU
		{E6DC9E78-BEA2-4CC8-AFF7-141B6567B999}.AppStore|iPhoneSimulator.Build.0 = Release|Any CPU
		{E6DC9E78-BEA2-4CC8-AFF7-141B6567B999}.AppStore|iPhoneSimulator.Deploy.0 = Release|Any CPU
		{E6DC9E78-BEA2-4CC8-AFF7-141B6567B999}.Debug|Any CPU.ActiveCfg = Debug|Any CPU
		{E6DC9E78-BEA2-4CC8-AFF7-141B6567B999}.Debug|Any CPU.Build.0 = Debug|Any CPU
		{E6DC9E78-BEA2-4CC8-AFF7-141B6567B999}.Debug|Any CPU.Deploy.0 = Debug|Any CPU
		{E6DC9E78-BEA2-4CC8-AFF7-141B6567B999}.Debug|iPhone.ActiveCfg = Debug|Any CPU
		{E6DC9E78-BEA2-4CC8-AFF7-141B6567B999}.Debug|iPhone.Build.0 = Debug|Any CPU
		{E6DC9E78-BEA2-4CC8-AFF7-141B6567B999}.Debug|iPhone.Deploy.0 = Debug|Any CPU
		{E6DC9E78-BEA2-4CC8-AFF7-141B6567B999}.Debug|iPhoneSimulator.ActiveCfg = Debug|Any CPU
		{E6DC9E78-BEA2-4CC8-AFF7-141B6567B999}.Debug|iPhoneSimulator.Build.0 = Debug|Any CPU
		{E6DC9E78-BEA2-4CC8-AFF7-141B6567B999}.Debug|iPhoneSimulator.Deploy.0 = Debug|Any CPU
		{E6DC9E78-BEA2-4CC8-AFF7-141B6567B999}.Release|Any CPU.ActiveCfg = Release|Any CPU
		{E6DC9E78-BEA2-4CC8-AFF7-141B6567B999}.Release|Any CPU.Build.0 = Release|Any CPU
		{E6DC9E78-BEA2-4CC8-AFF7-141B6567B999}.Release|Any CPU.Deploy.0 = Release|Any CPU
		{E6DC9E78-BEA2-4CC8-AFF7-141B6567B999}.Release|iPhone.ActiveCfg = Release|Any CPU
		{E6DC9E78-BEA2-4CC8-AFF7-141B6567B999}.Release|iPhone.Build.0 = Release|Any CPU
		{E6DC9E78-BEA2-4CC8-AFF7-141B6567B999}.Release|iPhone.Deploy.0 = Release|Any CPU
		{E6DC9E78-BEA2-4CC8-AFF7-141B6567B999}.Release|iPhoneSimulator.ActiveCfg = Release|Any CPU
		{E6DC9E78-BEA2-4CC8-AFF7-141B6567B999}.Release|iPhoneSimulator.Build.0 = Release|Any CPU
		{E6DC9E78-BEA2-4CC8-AFF7-141B6567B999}.Release|iPhoneSimulator.Deploy.0 = Release|Any CPU
		{246DE1CC-C545-4324-8831-7C555288E9B9}.Ad-Hoc|Any CPU.ActiveCfg = Ad-Hoc|iPhone
		{246DE1CC-C545-4324-8831-7C555288E9B9}.Ad-Hoc|iPhone.ActiveCfg = Ad-Hoc|iPhone
		{246DE1CC-C545-4324-8831-7C555288E9B9}.Ad-Hoc|iPhone.Build.0 = Ad-Hoc|iPhone
		{246DE1CC-C545-4324-8831-7C555288E9B9}.Ad-Hoc|iPhoneSimulator.ActiveCfg = Ad-Hoc|iPhoneSimulator
		{246DE1CC-C545-4324-8831-7C555288E9B9}.Ad-Hoc|iPhoneSimulator.Build.0 = Ad-Hoc|iPhoneSimulator
		{246DE1CC-C545-4324-8831-7C555288E9B9}.AppStore|Any CPU.ActiveCfg = AppStore|iPhone
		{246DE1CC-C545-4324-8831-7C555288E9B9}.AppStore|iPhone.ActiveCfg = AppStore|iPhone
		{246DE1CC-C545-4324-8831-7C555288E9B9}.AppStore|iPhone.Build.0 = AppStore|iPhone
		{246DE1CC-C545-4324-8831-7C555288E9B9}.AppStore|iPhoneSimulator.ActiveCfg = AppStore|iPhoneSimulator
		{246DE1CC-C545-4324-8831-7C555288E9B9}.AppStore|iPhoneSimulator.Build.0 = AppStore|iPhoneSimulator
		{246DE1CC-C545-4324-8831-7C555288E9B9}.Debug|Any CPU.ActiveCfg = Debug|iPhone
		{246DE1CC-C545-4324-8831-7C555288E9B9}.Debug|iPhone.ActiveCfg = Debug|iPhone
		{246DE1CC-C545-4324-8831-7C555288E9B9}.Debug|iPhone.Build.0 = Debug|iPhone
		{246DE1CC-C545-4324-8831-7C555288E9B9}.Debug|iPhoneSimulator.ActiveCfg = Debug|iPhoneSimulator
		{246DE1CC-C545-4324-8831-7C555288E9B9}.Debug|iPhoneSimulator.Build.0 = Debug|iPhoneSimulator
		{246DE1CC-C545-4324-8831-7C555288E9B9}.Release|Any CPU.ActiveCfg = Release|iPhone
		{246DE1CC-C545-4324-8831-7C555288E9B9}.Release|iPhone.ActiveCfg = Release|iPhone
		{246DE1CC-C545-4324-8831-7C555288E9B9}.Release|iPhone.Build.0 = Release|iPhone
		{246DE1CC-C545-4324-8831-7C555288E9B9}.Release|iPhoneSimulator.ActiveCfg = Release|iPhoneSimulator
		{246DE1CC-C545-4324-8831-7C555288E9B9}.Release|iPhoneSimulator.Build.0 = Release|iPhoneSimulator
		{562F6BD1-EAF1-4597-8446-9B4E198EBF0A}.Ad-Hoc|Any CPU.ActiveCfg = Debug|Any CPU
		{562F6BD1-EAF1-4597-8446-9B4E198EBF0A}.Ad-Hoc|Any CPU.Build.0 = Debug|Any CPU
		{562F6BD1-EAF1-4597-8446-9B4E198EBF0A}.Ad-Hoc|iPhone.ActiveCfg = Debug|Any CPU
		{562F6BD1-EAF1-4597-8446-9B4E198EBF0A}.Ad-Hoc|iPhone.Build.0 = Debug|Any CPU
		{562F6BD1-EAF1-4597-8446-9B4E198EBF0A}.Ad-Hoc|iPhoneSimulator.ActiveCfg = Debug|Any CPU
		{562F6BD1-EAF1-4597-8446-9B4E198EBF0A}.Ad-Hoc|iPhoneSimulator.Build.0 = Debug|Any CPU
		{562F6BD1-EAF1-4597-8446-9B4E198EBF0A}.AppStore|Any CPU.ActiveCfg = Debug|Any CPU
		{562F6BD1-EAF1-4597-8446-9B4E198EBF0A}.AppStore|Any CPU.Build.0 = Debug|Any CPU
		{562F6BD1-EAF1-4597-8446-9B4E198EBF0A}.AppStore|iPhone.ActiveCfg = Debug|Any CPU
		{562F6BD1-EAF1-4597-8446-9B4E198EBF0A}.AppStore|iPhone.Build.0 = Debug|Any CPU
		{562F6BD1-EAF1-4597-8446-9B4E198EBF0A}.AppStore|iPhoneSimulator.ActiveCfg = Debug|Any CPU
		{562F6BD1-EAF1-4597-8446-9B4E198EBF0A}.AppStore|iPhoneSimulator.Build.0 = Debug|Any CPU
		{562F6BD1-EAF1-4597-8446-9B4E198EBF0A}.Debug|Any CPU.ActiveCfg = Debug|Any CPU
		{562F6BD1-EAF1-4597-8446-9B4E198EBF0A}.Debug|Any CPU.Build.0 = Debug|Any CPU
		{562F6BD1-EAF1-4597-8446-9B4E198EBF0A}.Debug|iPhone.ActiveCfg = Debug|Any CPU
		{562F6BD1-EAF1-4597-8446-9B4E198EBF0A}.Debug|iPhone.Build.0 = Debug|Any CPU
		{562F6BD1-EAF1-4597-8446-9B4E198EBF0A}.Debug|iPhoneSimulator.ActiveCfg = Debug|Any CPU
		{562F6BD1-EAF1-4597-8446-9B4E198EBF0A}.Debug|iPhoneSimulator.Build.0 = Debug|Any CPU
		{562F6BD1-EAF1-4597-8446-9B4E198EBF0A}.Release|Any CPU.ActiveCfg = Release|Any CPU
		{562F6BD1-EAF1-4597-8446-9B4E198EBF0A}.Release|Any CPU.Build.0 = Release|Any CPU
		{562F6BD1-EAF1-4597-8446-9B4E198EBF0A}.Release|iPhone.ActiveCfg = Release|Any CPU
		{562F6BD1-EAF1-4597-8446-9B4E198EBF0A}.Release|iPhone.Build.0 = Release|Any CPU
		{562F6BD1-EAF1-4597-8446-9B4E198EBF0A}.Release|iPhoneSimulator.ActiveCfg = Release|Any CPU
		{562F6BD1-EAF1-4597-8446-9B4E198EBF0A}.Release|iPhoneSimulator.Build.0 = Release|Any CPU
	EndGlobalSection
	GlobalSection(SolutionProperties) = preSolution
		HideSolutionNode = FALSE
	EndGlobalSection
	GlobalSection(ExtensibilityGlobals) = postSolution
		SolutionGuid = {4CE7F7EC-C65C-4786-8A5E-B4D5A6B196E1}
	EndGlobalSection
EndGlobal
